
Microsoft Visual Studio Solution File, Format Version 12.00
# Visual Studio Version 17
VisualStudioVersion = 17.6.33723.286
MinimumVisualStudioVersion = 10.0.40219.1
Project("{FAE04EC0-301F-11D3-BF4B-00C04F79EFBC}") = "WebApplicationELK", "WebApplicationELK\WebApplicationELK.csproj", "{A59EA14B-ECEF-4B5E-9A66-851339CDD1F7}"
EndProject
Project("{E53339B2-1760-4266-BCC7-CA923CBCF16C}") = "docker-compose", "docker-compose.dcproj", "{81B2AFFA-3E8E-49F5-822B-75054A4EFC13}"
EndProject
Global
	GlobalSection(SolutionConfigurationPlatforms) = preSolution
		Debug|Any CPU = Debug|Any CPU
		Release|Any CPU = Release|Any CPU
	EndGlobalSection
	GlobalSection(ProjectConfigurationPlatforms) = postSolution
		{A59EA14B-ECEF-4B5E-9A66-851339CDD1F7}.Debug|Any CPU.ActiveCfg = Debug|Any CPU
		{A59EA14B-ECEF-4B5E-9A66-851339CDD1F7}.Debug|Any CPU.Build.0 = Debug|Any CPU
		{A59EA14B-ECEF-4B5E-9A66-851339CDD1F7}.Release|Any CPU.ActiveCfg = Release|Any CPU
		{A59EA14B-ECEF-4B5E-9A66-851339CDD1F7}.Release|Any CPU.Build.0 = Release|Any CPU
		{81B2AFFA-3E8E-49F5-822B-75054A4EFC13}.Debug|Any CPU.ActiveCfg = Debug|Any CPU
		{81B2AFFA-3E8E-49F5-822B-75054A4EFC13}.Debug|Any CPU.Build.0 = Debug|Any CPU
		{81B2AFFA-3E8E-49F5-822B-75054A4EFC13}.Release|Any CPU.ActiveCfg = Release|Any CPU
		{81B2AFFA-3E8E-49F5-822B-75054A4EFC13}.Release|Any CPU.Build.0 = Release|Any CPU
	EndGlobalSection
	GlobalSection(SolutionProperties) = preSolution
		HideSolutionNode = FALSE
	EndGlobalSection
	GlobalSection(ExtensibilityGlobals) = postSolution
		SolutionGuid = {6A389CE0-3B71-480F-A34F-BAC2C6389C13}
	EndGlobalSection
EndGlobal
